
Microsoft Visual Studio Solution File, Format Version 12.00
# Visual Studio Version 16
VisualStudioVersion = 16.0.30104.148
MinimumVisualStudioVersion = 10.0.40219.1
Project("{FAE04EC0-301F-11D3-BF4B-00C04F79EFBC}") = "Cwiczenia13", "Cwiczenia13\Cwiczenia13.csproj", "{3DFD2EC9-1226-452A-8D84-4DEED59CD9BB}"
EndProject
Global
	GlobalSection(SolutionConfigurationPlatforms) = preSolution
		Debug|Any CPU = Debug|Any CPU
		Release|Any CPU = Release|Any CPU
	EndGlobalSection
	GlobalSection(ProjectConfigurationPlatforms) = postSolution
		{3DFD2EC9-1226-452A-8D84-4DEED59CD9BB}.Debug|Any CPU.ActiveCfg = Debug|Any CPU
		{3DFD2EC9-1226-452A-8D84-4DEED59CD9BB}.Debug|Any CPU.Build.0 = Debug|Any CPU
		{3DFD2EC9-1226-452A-8D84-4DEED59CD9BB}.Release|Any CPU.ActiveCfg = Release|Any CPU
		{3DFD2EC9-1226-452A-8D84-4DEED59CD9BB}.Release|Any CPU.Build.0 = Release|Any CPU
	EndGlobalSection
	GlobalSection(SolutionProperties) = preSolution
		HideSolutionNode = FALSE
	EndGlobalSection
	GlobalSection(ExtensibilityGlobals) = postSolution
		SolutionGuid = {623D6930-E623-41E4-841F-B636853C7537}
	EndGlobalSection
EndGlobal
